
Microsoft Visual Studio Solution File, Format Version 12.00
# Visual Studio Version 17
VisualStudioVersion = 17.3.32825.248
MinimumVisualStudioVersion = 10.0.40219.1
Project("{9A19103F-16F7-4668-BE54-9A1E7A4F7556}") = "api", "api\api.csproj", "{D8D5D75E-288E-4461-8B53-9505B467D1E9}"
EndProject
Project("{9A19103F-16F7-4668-BE54-9A1E7A4F7556}") = "Services", "Services\Services.csproj", "{EF47DDC7-D2F2-4D71-AD25-D3A4E99E1106}"
EndProject
Project("{9A19103F-16F7-4668-BE54-9A1E7A4F7556}") = "Contracts", "Contracts\Contracts.csproj", "{4C7E3C01-8084-461C-A0E9-B18C5659E7AC}"
EndProject
Project("{9A19103F-16F7-4668-BE54-9A1E7A4F7556}") = "Entities", "Entities\Entities.csproj", "{AB2FBF38-F328-4DA1-94B0-7C6790DFF114}"
EndProject
Project("{9A19103F-16F7-4668-BE54-9A1E7A4F7556}") = "Persistence", "Persistence\Persistence.csproj", "{AD49646A-5755-4850-AAA3-060662F456BE}"
EndProject
Project("{FAE04EC0-301F-11D3-BF4B-00C04F79EFBC}") = "Email", "Email\Email.csproj", "{0DBFF942-9EAD-4832-9E02-27AC6CCACBB2}"
EndProject
Global
	GlobalSection(SolutionConfigurationPlatforms) = preSolution
		Debug|Any CPU = Debug|Any CPU
		Release|Any CPU = Release|Any CPU
	EndGlobalSection
	GlobalSection(ProjectConfigurationPlatforms) = postSolution
		{D8D5D75E-288E-4461-8B53-9505B467D1E9}.Debug|Any CPU.ActiveCfg = Debug|Any CPU
		{D8D5D75E-288E-4461-8B53-9505B467D1E9}.Debug|Any CPU.Build.0 = Debug|Any CPU
		{D8D5D75E-288E-4461-8B53-9505B467D1E9}.Release|Any CPU.ActiveCfg = Release|Any CPU
		{D8D5D75E-288E-4461-8B53-9505B467D1E9}.Release|Any CPU.Build.0 = Release|Any CPU
		{EF47DDC7-D2F2-4D71-AD25-D3A4E99E1106}.Debug|Any CPU.ActiveCfg = Debug|Any CPU
		{EF47DDC7-D2F2-4D71-AD25-D3A4E99E1106}.Debug|Any CPU.Build.0 = Debug|Any CPU
		{EF47DDC7-D2F2-4D71-AD25-D3A4E99E1106}.Release|Any CPU.ActiveCfg = Release|Any CPU
		{EF47DDC7-D2F2-4D71-AD25-D3A4E99E1106}.Release|Any CPU.Build.0 = Release|Any CPU
		{4C7E3C01-8084-461C-A0E9-B18C5659E7AC}.Debug|Any CPU.ActiveCfg = Debug|Any CPU
		{4C7E3C01-8084-461C-A0E9-B18C5659E7AC}.Debug|Any CPU.Build.0 = Debug|Any CPU
		{4C7E3C01-8084-461C-A0E9-B18C5659E7AC}.Release|Any CPU.ActiveCfg = Release|Any CPU
		{4C7E3C01-8084-461C-A0E9-B18C5659E7AC}.Release|Any CPU.Build.0 = Release|Any CPU
		{AB2FBF38-F328-4DA1-94B0-7C6790DFF114}.Debug|Any CPU.ActiveCfg = Debug|Any CPU
		{AB2FBF38-F328-4DA1-94B0-7C6790DFF114}.Debug|Any CPU.Build.0 = Debug|Any CPU
		{AB2FBF38-F328-4DA1-94B0-7C6790DFF114}.Release|Any CPU.ActiveCfg = Release|Any CPU
		{AB2FBF38-F328-4DA1-94B0-7C6790DFF114}.Release|Any CPU.Build.0 = Release|Any CPU
		{AD49646A-5755-4850-AAA3-060662F456BE}.Debug|Any CPU.ActiveCfg = Debug|Any CPU
		{AD49646A-5755-4850-AAA3-060662F456BE}.Debug|Any CPU.Build.0 = Debug|Any CPU
		{AD49646A-5755-4850-AAA3-060662F456BE}.Release|Any CPU.ActiveCfg = Release|Any CPU
		{AD49646A-5755-4850-AAA3-060662F456BE}.Release|Any CPU.Build.0 = Release|Any CPU
		{0DBFF942-9EAD-4832-9E02-27AC6CCACBB2}.Debug|Any CPU.ActiveCfg = Debug|Any CPU
		{0DBFF942-9EAD-4832-9E02-27AC6CCACBB2}.Debug|Any CPU.Build.0 = Debug|Any CPU
		{0DBFF942-9EAD-4832-9E02-27AC6CCACBB2}.Release|Any CPU.ActiveCfg = Release|Any CPU
		{0DBFF942-9EAD-4832-9E02-27AC6CCACBB2}.Release|Any CPU.Build.0 = Release|Any CPU
	EndGlobalSection
	GlobalSection(SolutionProperties) = preSolution
		HideSolutionNode = FALSE
	EndGlobalSection
	GlobalSection(ExtensibilityGlobals) = postSolution
		SolutionGuid = {46146F19-5A45-4738-AAF5-7B3882181C28}
	EndGlobalSection
EndGlobal
